{
  "name": "lets-be-rational",
  "version": "0.1.0",
  "lockfileVersion": 3,
  "requires": true,
  "packages": {
    "": {
      "name": "lets-be-rational",
      "version": "0.1.0",
      "license": "MIT",
      "dependencies": {
        "cody-special": "file:../cody-special-ts",
        "piecewise-rational": "file:../piecewise-rational-ts"
      },
      "devDependencies": {
        "@types/node": "^20.11.30",
        "typescript": "^5.4.5",
        "vollib-test-vectors": "git+ssh://git@github.com/vollib/vollib-test-vectors.git#c5fb306508779646bf70edb57f26ccf4fbaa540f"
      }
    },
    "../cody-special-ts": {
      "name": "cody-special",
      "version": "0.1.0",
      "license": "MIT",
      "devDependencies": {
        "@types/node": "^20.11.30",
        "typescript": "^5.4.5",
        "vollib-test-vectors": "git+ssh://git@github.com/vollib/vollib-test-vectors.git#c5fb306508779646bf70edb57f26ccf4fbaa540f"
      }
    },
    "../piecewise-rational-ts": {
      "name": "piecewise-rational",
      "version": "0.1.0",
      "license": "MIT",
      "devDependencies": {
        "@types/node": "^20.11.30",
        "typescript": "^5.4.5"
      }
    },
    "node_modules/@types/node": {
      "version": "20.19.39",
      "dev": true,
      "license": "MIT",
      "dependencies": {
        "undici-types": "~6.21.0"
      }
    },
    "node_modules/cody-special": {
      "resolved": "../cody-special-ts",
      "link": true
    },
    "node_modules/piecewise-rational": {
      "resolved": "../piecewise-rational-ts",
      "link": true
    },
    "node_modules/typescript": {
      "version": "5.9.3",
      "dev": true,
      "license": "Apache-2.0",
      "bin": {
        "tsc": "bin/tsc",
        "tsserver": "bin/tsserver"
      },
      "engines": {
        "node": ">=14.17"
      }
    },
    "node_modules/undici-types": {
      "version": "6.21.0",
      "dev": true,
      "license": "MIT"
    },
    "node_modules/vollib-test-vectors": {
      "version": "0.1.0",
      "resolved": "git+ssh://git@github.com/vollib/vollib-test-vectors.git#c5fb306508779646bf70edb57f26ccf4fbaa540f",
      "integrity": "sha512-2IukmXRwxaahmTDM38Jd9IWGiaWmcJtSL9VYZvEQQZVSdid80LtEL46ceDsxmp8KZeXVs15HkzHOBQ65zJ1geA==",
      "dev": true,
      "license": "MIT"
    }
  }
}
